// !$*UTF8*$!
{
	archiveVersion = 1;
	classes = {
	};
	objectVersion = 46;
	objects = {

/* Begin PBXBuildFile section */
		C00D684A1EB266E500634290 /* Assets.xcassets in Resources */ = {isa = PBXBuildFile; fileRef = C00D68491EB266E500634290 /* Assets.xcassets */; };
		C00D684D1EB266E500634290 /* LaunchScreen.storyboard in Resources */ = {isa = PBXBuildFile; fileRef = C00D684B1EB266E500634290 /* LaunchScreen.storyboard */; };
		C00D685C1EB2671300634290 /* AppDelegate.swift in Sources */ = {isa = PBXBuildFile; fileRef = C00D68541EB2671300634290 /* AppDelegate.swift */; };
		C00D685D1EB2671300634290 /* DraggableView.swift in Sources */ = {isa = PBXBuildFile; fileRef = C00D68551EB2671300634290 /* DraggableView.swift */; };
		C00D685E1EB2671300634290 /* ImageDetailViewController.swift in Sources */ = {isa = PBXBuildFile; fileRef = C00D68561EB2671300634290 /* ImageDetailViewController.swift */; };
		C00D685F1EB2671300634290 /* Main.storyboard in Resources */ = {isa = PBXBuildFile; fileRef = C00D68571EB2671300634290 /* Main.storyboard */; };
		C00D68601EB2671300634290 /* UIView + SnapshotExtensions.swift in Sources */ = {isa = PBXBuildFile; fileRef = C00D68581EB2671300634290 /* UIView + SnapshotExtensions.swift */; };
		C00D68611EB2671300634290 /* Animator.swift in Sources */ = {isa = PBXBuildFile; fileRef = C00D68591EB2671300634290 /* Animator.swift */; };
		C00D68621EB2671300634290 /* ViewController.swift in Sources */ = {isa = PBXBuildFile; fileRef = C00D685A1EB2671300634290 /* ViewController.swift */; };
		C00D68631EB2671300634290 /* FeedTableViewCell.swift in Sources */ = {isa = PBXBuildFile; fileRef = C00D685B1EB2671300634290 /* FeedTableViewCell.swift */; };
/* End PBXBuildFile section */

/* Begin PBXFileReference section */
		C00D683F1EB266E500634290 /* DragToDismiss-Complete.app */ = {isa = PBXFileReference; explicitFileType = wrapper.application; includeInIndex = 0; path = "DragToDismiss-Complete.app"; sourceTree = BUILT_PRODUCTS_DIR; };
		C00D68491EB266E500634290 /* Assets.xcassets */ = {isa = PBXFileReference; lastKnownFileType = folder.assetcatalog; path = Assets.xcassets; sourceTree = "<group>"; };
		C00D684C1EB266E500634290 /* Base */ = {isa = PBXFileReference; lastKnownFileType = file.storyboard; name = Base; path = Base.lproj/LaunchScreen.storyboard; sourceTree = "<group>"; };
		C00D684E1EB266E500634290 /* Info.plist */ = {isa = PBXFileReference; lastKnownFileType = text.plist.xml; path = Info.plist; sourceTree = "<group>"; };
		C00D68541EB2671300634290 /* AppDelegate.swift */ = {isa = PBXFileReference; fileEncoding = 4; lastKnownFileType = sourcecode.swift; path = AppDelegate.swift; sourceTree = "<group>"; };
		C00D68551EB2671300634290 /* DraggableView.swift */ = {isa = PBXFileReference; fileEncoding = 4; lastKnownFileType = sourcecode.swift; path = DraggableView.swift; sourceTree = "<group>"; };
		C00D68561EB2671300634290 /* ImageDetailViewController.swift */ = {isa = PBXFileReference; fileEncoding = 4; lastKnownFileType = sourcecode.swift; path = ImageDetailViewController.swift; sourceTree = "<group>"; };
		C00D68571EB2671300634290 /* Main.storyboard */ = {isa = PBXFileReference; fileEncoding = 4; lastKnownFileType = file.storyboard; path = Main.storyboard; sourceTree = "<group>"; };
		C00D68581EB2671300634290 /* UIView + SnapshotExtensions.swift */ = {isa = PBXFileReference; fileEncoding = 4; lastKnownFileType = sourcecode.swift; path = "UIView + SnapshotExtensions.swift"; sourceTree = "<group>"; };
		C00D68591EB2671300634290 /* Animator.swift */ = {isa = PBXFileReference; fileEncoding = 4; lastKnownFileType = sourcecode.swift; path = Animator.swift; sourceTree = "<group>"; };
		C00D685A1EB2671300634290 /* ViewController.swift */ = {isa = PBXFileReference; fileEncoding = 4; lastKnownFileType = sourcecode.swift; path = ViewController.swift; sourceTree = "<group>"; };
		C00D685B1EB2671300634290 /* FeedTableViewCell.swift */ = {isa = PBXFileReference; fileEncoding = 4; lastKnownFileType = sourcecode.swift; path = FeedTableViewCell.swift; sourceTree = "<group>"; };
/* End PBXFileReference section */

/* Begin PBXFrameworksBuildPhase section */
		C00D683C1EB266E500634290 /* Frameworks */ = {
			isa = PBXFrameworksBuildPhase;
			buildActionMask = 2147483647;
			files = (
			);
			runOnlyForDeploymentPostprocessing = 0;
		};
/* End PBXFrameworksBuildPhase section */

/* Begin PBXGroup section */
		C00D68361EB266E500634290 = {
			isa = PBXGroup;
			children = (
				C00D68411EB266E500634290 /* DragToDismiss-Complete */,
				C00D68401EB266E500634290 /* Products */,
			);
			sourceTree = "<group>";
		};
		C00D68401EB266E500634290 /* Products */ = {
			isa = PBXGroup;
			children = (
				C00D683F1EB266E500634290 /* DragToDismiss-Complete.app */,
			);
			name = Products;
			sourceTree = "<group>";
		};
		C00D68411EB266E500634290 /* DragToDismiss-Complete */ = {
			isa = PBXGroup;
			children = (
				C00D68541EB2671300634290 /* AppDelegate.swift */,
				C00D68491EB266E500634290 /* Assets.xcassets */,
				C00D68551EB2671300634290 /* DraggableView.swift */,
				C00D68561EB2671300634290 /* ImageDetailViewController.swift */,
				C00D68571EB2671300634290 /* Main.storyboard */,
				C00D68641EB2674800634290 /* Animator */,
				C00D68651EB2675300634290 /* MainController and Cells */,
				C00D684B1EB266E500634290 /* LaunchScreen.storyboard */,
				C00D684E1EB266E500634290 /* Info.plist */,
			);
			path = "DragToDismiss-Complete";
			sourceTree = "<group>";
		};
		C00D68641EB2674800634290 /* Animator */ = {
			isa = PBXGroup;
			children = (
				C00D68581EB2671300634290 /* UIView + SnapshotExtensions.swift */,
				C00D68591EB2671300634290 /* Animator.swift */,
			);
			name = Animator;
			sourceTree = "<group>";
		};
		C00D68651EB2675300634290 /* MainController and Cells */ = {
			isa = PBXGroup;
			children = (
				C00D685A1EB2671300634290 /* ViewController.swift */,
				C00D685B1EB2671300634290 /* FeedTableViewCell.swift */,
			);
			name = "MainController and Cells";
			sourceTree = "<group>";
		};
/* End PBXGroup section */

/* Begin PBXNativeTarget section */
		C00D683E1EB266E500634290 /* DragToDismiss-Complete */ = {
			isa = PBXNativeTarget;
			buildConfigurationList = C00D68511EB266E500634290 /* Build configuration list for PBXNativeTarget "DragToDismiss-Complete" */;
			buildPhases = (
				C00D683B1EB266E500634290 /* Sources */,
				C00D683C1EB266E500634290 /* Frameworks */,
				C00D683D1EB266E500634290 /* Resources */,
			);
			buildRules = (
			);
			dependencies = (
			);
			name = "DragToDismiss-Complete";
			productName = "DragToDismiss-Complete";
			productReference = C00D683F1EB266E500634290 /* DragToDismiss-Complete.app */;
			productType = "com.apple.product-type.application";
		};
/* End PBXNativeTarget section */

/* Begin PBXProject section */
		C00D68371EB266E500634290 /* Project object */ = {
			isa = PBXProject;
			attributes = {
				LastSwiftUpdateCheck = 0830;
				LastUpgradeCheck = 0830;
				ORGANIZATIONNAME = AG;
				TargetAttributes = {
					C00D683E1EB266E500634290 = {
						CreatedOnToolsVersion = 8.3.1;
						ProvisioningStyle = Automatic;
					};
				};
			};
			buildConfigurationList = C00D683A1EB266E500634290 /* Build configuration list for PBXProject "DragToDismiss-Complete" */;
			compatibilityVersion = "Xcode 3.2";
			developmentRegion = English;
			hasScannedForEncodings = 0;
			knownRegions = (
				en,
				Base,
			);
			mainGroup = C00D68361EB266E500634290;
			productRefGroup = C00D68401EB266E500634290 /* Products */;
			projectDirPath = "";
			projectRoot = "";
			targets = (
				C00D683E1EB266E500634290 /* DragToDismiss-Complete */,
			);
		};
/* End PBXProject section */

/* Begin PBXResourcesBuildPhase section */
		C00D683D1EB266E500634290 /* Resources */ = {
			isa = PBXResourcesBuildPhase;
			buildActionMask = 2147483647;
			files = (
				C00D685F1EB2671300634290 /* Main.storyboard in Resources */,
				C00D684D1EB266E500634290 /* LaunchScreen.storyboard in Resources */,
				C00D684A1EB266E500634290 /* Assets.xcassets in Resources */,
			);
			runOnlyForDeploymentPostprocessing = 0;
		};
/* End PBXResourcesBuildPhase section */

/* Begin PBXSourcesBuildPhase section */
		C00D683B1EB266E500634290 /* Sources */ = {
			isa = PBXSourcesBuildPhase;
			buildActionMask = 2147483647;
			files = (
				C00D68621EB2671300634290 /* ViewController.swift in Sources */,
				C00D68611EB2671300634290 /* Animator.swift in Sources */,
				C00D68631EB2671300634290 /* FeedTableViewCell.swift in Sources */,
				C00D68601EB2671300634290 /* UIView + SnapshotExtensions.swift in Sources */,
				C00D685D1EB2671300634290 /* DraggableView.swift in Sources */,
				C00D685E1EB2671300634290 /* ImageDetailViewController.swift in Sources */,
				C00D685C1EB2671300634290 /* AppDelegate.swift in Sources */,
			);
			runOnlyForDeploymentPostprocessing = 0;
		};
/* End PBXSourcesBuildPhase section */

/* Begin PBXVariantGroup section */
		C00D684B1EB266E500634290 /* LaunchScreen.storyboard */ = {
			isa = PBXVariantGroup;
			children = (
				C00D684C1EB266E500634290 /* Base */,
			);
			name = LaunchScreen.storyboard;
			sourceTree = "<group>";
		};
/* End PBXVariantGroup section */

/* Begin XCBuildConfiguration section */
		C00D684F1EB266E500634290 /* Debug */ = {
			isa = XCBuildConfiguration;
			buildSettings = {
				ALWAYS_SEARCH_USER_PATHS = NO;
				CLANG_ANALYZER_NONNULL = YES;
				CLANG_ANALYZER_NUMBER_OBJECT_CONVERSION = YES_AGGRESSIVE;
				CLANG_CXX_LANGUAGE_STANDARD = "gnu++0x";
				CLANG_CXX_LIBRARY = "libc++";
				CLANG_ENABLE_MODULES = YES;
				CLANG_ENABLE_OBJC_ARC = YES;
				CLANG_WARN_BOOL_CONVERSION = YES;
				CLANG_WARN_CONSTANT_CONVERSION = YES;
				CLANG_WARN_DIRECT_OBJC_ISA_USAGE = YES_ERROR;
				CLANG_WARN_DOCUMENTATION_COMMENTS = YES;
				CLANG_WARN_EMPTY_BODY = YES;
				CLANG_WARN_ENUM_CONVERSION = YES;
				CLANG_WARN_INFINITE_RECURSION = YES;
				CLANG_WARN_INT_CONVERSION = YES;
				CLANG_WARN_OBJC_ROOT_CLASS = YES_ERROR;
				CLANG_WARN_SUSPICIOUS_MOVE = YES;
				CLANG_WARN_UNREACHABLE_CODE = YES;
				CLANG_WARN__DUPLICATE_METHOD_MATCH = YES;
				"CODE_SIGN_IDENTITY[sdk=iphoneos*]" = "iPhone Developer";
				COPY_PHASE_STRIP = NO;
				DEBUG_INFORMATION_FORMAT = dwarf;
				ENABLE_STRICT_OBJC_MSGSEND = YES;
				ENABLE_TESTABILITY = YES;
				GCC_C_LANGUAGE_STANDARD = gnu99;
				GCC_DYNAMIC_NO_PIC = NO;
				GCC_NO_COMMON_BLOCKS = YES;
				GCC_OPTIMIZATION_LEVEL = 0;
				GCC_PREPROCESSOR_DEFINITIONS = (
					"DEBUG=1",
					"$(inherited)",
				);
				GCC_WARN_64_TO_32_BIT_CONVERSION = YES;
				GCC_WARN_ABOUT_RETURN_TYPE = YES_ERROR;
				GCC_WARN_UNDECLARED_SELECTOR = YES;
				GCC_WARN_UNINITIALIZED_AUTOS = YES_AGGRESSIVE;
				GCC_WARN_UNUSED_FUNCTION = YES;
				GCC_WARN_UNUSED_VARIABLE = YES;
				IPHONEOS_DEPLOYMENT_TARGET = 10.3;
				MTL_ENABLE_DEBUG_INFO = YES;
				ONLY_ACTIVE_ARCH = YES;
				SDKROOT = iphoneos;
				SWIFT_ACTIVE_COMPILATION_CONDITIONS = DEBUG;
				SWIFT_OPTIMIZATION_LEVEL = "-Onone";
				TARGETED_DEVICE_FAMILY = "1,2";
			};
			name = Debug;
		};
		C00D68501EB266E500634290 /* Release */ = {
			isa = XCBuildConfiguration;
			buildSettings = {
				ALWAYS_SEARCH_USER_PATHS = NO;
				CLANG_ANALYZER_NONNULL = YES;
				CLANG_ANALYZER_NUMBER_OBJECT_CONVERSION = YES_AGGRESSIVE;
				CLANG_CXX_LANGUAGE_STANDARD = "gnu++0x";
				CLANG_CXX_LIBRARY = "libc++";
				CLANG_ENABLE_MODULES = YES;
				CLANG_ENABLE_OBJC_ARC = YES;
				CLANG_WARN_BOOL_CONVERSION = YES;
				CLANG_WARN_CONSTANT_CONVERSION = YES;
				CLANG_WARN_DIRECT_OBJC_ISA_USAGE = YES_ERROR;
				CLANG_WARN_DOCUMENTATION_COMMENTS = YES;
				CLANG_WARN_EMPTY_BODY = YES;
				CLANG_WARN_ENUM_CONVERSION = YES;
				CLANG_WARN_INFINITE_RECURSION = YES;
				CLANG_WARN_INT_CONVERSION = YES;
				CLANG_WARN_OBJC_ROOT_CLASS = YES_ERROR;
				CLANG_WARN_SUSPICIOUS_MOVE = YES;
				CLANG_WARN_UNREACHABLE_CODE = YES;
				CLANG_WARN__DUPLICATE_METHOD_MATCH = YES;
				"CODE_SIGN_IDENTITY[sdk=iphoneos*]" = "iPhone Developer";
				COPY_PHASE_STRIP = NO;
				DEBUG_INFORMATION_FORMAT = "dwarf-with-dsym";
				ENABLE_NS_ASSERTIONS = NO;
				ENABLE_STRICT_OBJC_MSGSEND = YES;
				GCC_C_LANGUAGE_STANDARD = gnu99;
				GCC_NO_COMMON_BLOCKS = YES;
				GCC_WARN_64_TO_32_BIT_CONVERSION = YES;
				GCC_WARN_ABOUT_RETURN_TYPE = YES_ERROR;
				GCC_WARN_UNDECLARED_SELECTOR = YES;
				GCC_WARN_UNINITIALIZED_AUTOS = YES_AGGRESSIVE;
				GCC_WARN_UNUSED_FUNCTION = YES;
				GCC_WARN_UNUSED_VARIABLE = YES;
				IPHONEOS_DEPLOYMENT_TARGET = 10.3;
				MTL_ENABLE_DEBUG_INFO = NO;
				SDKROOT = iphoneos;
				SWIFT_OPTIMIZATION_LEVEL = "-Owholemodule";
				TARGETED_DEVICE_FAMILY = "1,2";
				VALIDATE_PRODUCT = YES;
			};
			name = Release;
		};
		C00D68521EB266E500634290 /* Debug */ = {
			isa = XCBuildConfiguration;
			buildSettings = {
				ASSETCATALOG_COMPILER_APPICON_NAME = AppIcon;
				INFOPLIST_FILE = "DragToDismiss-Complete/Info.plist";
				LD_RUNPATH_SEARCH_PATHS = "$(inherited) @executable_path/Frameworks";
				PRODUCT_BUNDLE_IDENTIFIER = "com.apptillery.DragToDismiss-Complete";
				PRODUCT_NAME = "$(TARGET_NAME)";
				SWIFT_VERSION = 3.0;
			};
			name = Debug;
		};
		C00D68531EB266E500634290 /* Release */ = {
			isa = XCBuildConfiguration;
			buildSettings = {
				ASSETCATALOG_COMPILER_APPICON_NAME = AppIcon;
				INFOPLIST_FILE = "DragToDismiss-Complete/Info.plist";
				LD_RUNPATH_SEARCH_PATHS = "$(inherited) @executable_path/Frameworks";
				PRODUCT_BUNDLE_IDENTIFIER = "com.apptillery.DragToDismiss-Complete";
				PRODUCT_NAME = "$(TARGET_NAME)";
				SWIFT_VERSION = 3.0;
			};
			name = Release;
		};
/* End XCBuildConfiguration section */

/* Begin XCConfigurationList section */
		C00D683A1EB266E500634290 /* Build configuration list for PBXProject "DragToDismiss-Complete" */ = {
			isa = XCConfigurationList;
			buildConfigurations = (
				C00D684F1EB266E500634290 /* Debug */,
				C00D68501EB266E500634290 /* Release */,
			);
			defaultConfigurationIsVisible = 0;
			defaultConfigurationName = Release;
		};
		C00D68511EB266E500634290 /* Build configuration list for PBXNativeTarget "DragToDismiss-Complete" */ = {
			isa = XCConfigurationList;
			buildConfigurations = (
				C00D68521EB266E500634290 /* Debug */,
				C00D68531EB266E500634290 /* Release */,
			);
			defaultConfigurationIsVisible = 0;
		};
/* End XCConfigurationList section */
	};
	rootObject = C00D68371EB266E500634290 /* Project object */;
}
